// !$*UTF8*$!
{
	archiveVersion = 1;
	classes = {
	};
	objectVersion = 46;
	objects = {

/* Begin PBXBuildFile section */
		69024F1E1CAC7DD20032DF38 /* main.m in Sources */ = {isa = PBXBuildFile; fileRef = 69024F1D1CAC7DD20032DF38 /* main.m */; };
		69024F261CAC7E390032DF38 /* NXPen.m in Sources */ = {isa = PBXBuildFile; fileRef = 69024F251CAC7E390032DF38 /* NXPen.m */; };
/* End PBXBuildFile section */

/* Begin PBXCopyFilesBuildPhase section */
		69024F181CAC7DD20032DF38 /* CopyFiles */ = {
			isa = PBXCopyFilesBuildPhase;
			buildActionMask = 2147483647;
			dstPath = /usr/share/man/man1/;
			dstSubfolderSpec = 0;
			files = (
			);
			runOnlyForDeploymentPostprocessing = 1;
		};
/* End PBXCopyFilesBuildPhase section */

/* Begin PBXFileReference section */
		69024F1A1CAC7DD20032DF38 /* NXPen */ = {isa = PBXFileReference; explicitFileType = "compiled.mach-o.executable"; includeInIndex = 0; path = NXPen; sourceTree = BUILT_PRODUCTS_DIR; };
		69024F1D1CAC7DD20032DF38 /* main.m */ = {isa = PBXFileReference; lastKnownFileType = sourcecode.c.objc; path = main.m; sourceTree = "<group>"; };
		69024F241CAC7E390032DF38 /* NXPen.h */ = {isa = PBXFileReference; fileEncoding = 4; lastKnownFileType = sourcecode.c.h; name = NXPen.h; path = NXPen.xcodeproj/../NXPen.h; sourceTree = SOURCE_ROOT; };
		69024F251CAC7E390032DF38 /* NXPen.m */ = {isa = PBXFileReference; fileEncoding = 4; lastKnownFileType = sourcecode.c.objc; name = NXPen.m; path = NXPen.xcodeproj/../NXPen.m; sourceTree = SOURCE_ROOT; };
/* End PBXFileReference section */

/* Begin PBXFrameworksBuildPhase section */
		69024F171CAC7DD20032DF38 /* Frameworks */ = {
			isa = PBXFrameworksBuildPhase;
			buildActionMask = 2147483647;
			files = (
			);
			runOnlyForDeploymentPostprocessing = 0;
		};
/* End PBXFrameworksBuildPhase section */

/* Begin PBXGroup section */
		69024F111CAC7DD20032DF38 = {
			isa = PBXGroup;
			children = (
				69024F1C1CAC7DD20032DF38 /* NXPen */,
				69024F1B1CAC7DD20032DF38 /* Products */,
			);
			sourceTree = "<group>";
		};
		69024F1B1CAC7DD20032DF38 /* Products */ = {
			isa = PBXGroup;
			children = (
				69024F1A1CAC7DD20032DF38 /* NXPen */,
			);
			name = Products;
			sourceTree = "<group>";
		};
		69024F1C1CAC7DD20032DF38 /* NXPen */ = {
			isa = PBXGroup;
			children = (
				69024F241CAC7E390032DF38 /* NXPen.h */,
				69024F251CAC7E390032DF38 /* NXPen.m */,
				69024F1D1CAC7DD20032DF38 /* main.m */,
			);
			path = NXPen;
			sourceTree = "<group>";
		};
/* End PBXGroup section */

/* Begin PBXNativeTarget section */
		69024F191CAC7DD20032DF38 /* NXPen */ = {
			isa = PBXNativeTarget;
			buildConfigurationList = 69024F211CAC7DD20032DF38 /* Build configuration list for PBXNativeTarget "NXPen" */;
			buildPhases = (
				69024F161CAC7DD20032DF38 /* Sources */,
				69024F171CAC7DD20032DF38 /* Frameworks */,
				69024F181CAC7DD20032DF38 /* CopyFiles */,
			);
			buildRules = (
			);
			dependencies = (
			);
			name = NXPen;
			productName = NXPen;
			productReference = 69024F1A1CAC7DD20032DF38 /* NXPen */;
			productType = "com.apple.product-type.tool";
		};
/* End PBXNativeTarget section */

/* Begin PBXProject section */
		69024F121CAC7DD20032DF38 /* Project object */ = {
			isa = PBXProject;
			attributes = {
				LastUpgradeCheck = 0640;
				ORGANIZATIONNAME = GraceLilac;
				TargetAttributes = {
					69024F191CAC7DD20032DF38 = {
						CreatedOnToolsVersion = 6.4;
					};
				};
			};
			buildConfigurationList = 69024F151CAC7DD20032DF38 /* Build configuration list for PBXProject "NXPen" */;
			compatibilityVersion = "Xcode 3.2";
			developmentRegion = English;
			hasScannedForEncodings = 0;
			knownRegions = (
				en,
			);
			mainGroup = 69024F111CAC7DD20032DF38;
			productRefGroup = 69024F1B1CAC7DD20032DF38 /* Products */;
			projectDirPath = "";
			projectRoot = "";
			targets = (
				69024F191CAC7DD20032DF38 /* NXPen */,
			);
		};
/* End PBXProject section */

/* Begin PBXSourcesBuildPhase section */
		69024F161CAC7DD20032DF38 /* Sources */ = {
			isa = PBXSourcesBuildPhase;
			buildActionMask = 2147483647;
			files = (
				69024F1E1CAC7DD20032DF38 /* main.m in Sources */,
				69024F261CAC7E390032DF38 /* NXPen.m in Sources */,
			);
			runOnlyForDeploymentPostprocessing = 0;
		};
/* End PBXSourcesBuildPhase section */

/* Begin XCBuildConfiguration section */
		69024F1F1CAC7DD20032DF38 /* Debug */ = {
			isa = XCBuildConfiguration;
			buildSettings = {
				ALWAYS_SEARCH_USER_PATHS = NO;
				CLANG_CXX_LANGUAGE_STANDARD = "gnu++0x";
				CLANG_CXX_LIBRARY = "libc++";
				CLANG_ENABLE_MODULES = YES;
				CLANG_ENABLE_OBJC_ARC = YES;
				CLANG_WARN_BOOL_CONVERSION = YES;
				CLANG_WARN_CONSTANT_CONVERSION = YES;
				CLANG_WARN_DIRECT_OBJC_ISA_USAGE = YES_ERROR;
				CLANG_WARN_EMPTY_BODY = YES;
				CLANG_WARN_ENUM_CONVERSION = YES;
				CLANG_WARN_INT_CONVERSION = YES;
				CLANG_WARN_OBJC_ROOT_CLASS = YES_ERROR;
				CLANG_WARN_UNREACHABLE_CODE = YES;
				CLANG_WARN__DUPLICATE_METHOD_MATCH = YES;
				COPY_PHASE_STRIP = NO;
				DEBUG_INFORMATION_FORMAT = dwarf;
				ENABLE_STRICT_OBJC_MSGSEND = YES;
				GCC_C_LANGUAGE_STANDARD = gnu99;
				GCC_DYNAMIC_NO_PIC = NO;
				GCC_NO_COMMON_BLOCKS = YES;
				GCC_OPTIMIZATION_LEVEL = 0;
				GCC_PREPROCESSOR_DEFINITIONS = (
					"DEBUG=1",
					"$(inherited)",
				);
				GCC_SYMBOLS_PRIVATE_EXTERN = NO;
				GCC_WARN_64_TO_32_BIT_CONVERSION = YES;
				GCC_WARN_ABOUT_RETURN_TYPE = YES_ERROR;
				GCC_WARN_UNDECLARED_SELECTOR = YES;
				GCC_WARN_UNINITIALIZED_AUTOS = YES_AGGRESSIVE;
				GCC_WARN_UNUSED_FUNCTION = YES;
				GCC_WARN_UNUSED_VARIABLE = YES;
				MACOSX_DEPLOYMENT_TARGET = 10.11;
				MTL_ENABLE_DEBUG_INFO = YES;
				ONLY_ACTIVE_ARCH = YES;
				SDKROOT = macosx;
			};
			name = Debug;
		};
		69024F201CAC7DD20032DF38 /* Release */ = {
			isa = XCBuildConfiguration;
			buildSettings = {
				ALWAYS_SEARCH_USER_PATHS = NO;
				CLANG_CXX_LANGUAGE_STANDARD = "gnu++0x";
				CLANG_CXX_LIBRARY = "libc++";
				CLANG_ENABLE_MODULES = YES;
				CLANG_ENABLE_OBJC_ARC = YES;
				CLANG_WARN_BOOL_CONVERSION = YES;
				CLANG_WARN_CONSTANT_CONVERSION = YES;
				CLANG_WARN_DIRECT_OBJC_ISA_USAGE = YES_ERROR;
				CLANG_WARN_EMPTY_BODY = YES;
				CLANG_WARN_ENUM_CONVERSION = YES;
				CLANG_WARN_INT_CONVERSION = YES;
				CLANG_WARN_OBJC_ROOT_CLASS = YES_ERROR;
				CLANG_WARN_UNREACHABLE_CODE = YES;
				CLANG_WARN__DUPLICATE_METHOD_MATCH = YES;
				COPY_PHASE_STRIP = NO;
				DEBUG_INFORMATION_FORMAT = "dwarf-with-dsym";
				ENABLE_NS_ASSERTIONS = NO;
				ENABLE_STRICT_OBJC_MSGSEND = YES;
				GCC_C_LANGUAGE_STANDARD = gnu99;
				GCC_NO_COMMON_BLOCKS = YES;
				GCC_WARN_64_TO_32_BIT_CONVERSION = YES;
				GCC_WARN_ABOUT_RETURN_TYPE = YES_ERROR;
				GCC_WARN_UNDECLARED_SELECTOR = YES;
				GCC_WARN_UNINITIALIZED_AUTOS = YES_AGGRESSIVE;
				GCC_WARN_UNUSED_FUNCTION = YES;
				GCC_WARN_UNUSED_VARIABLE = YES;
				MACOSX_DEPLOYMENT_TARGET = 10.11;
				MTL_ENABLE_DEBUG_INFO = NO;
				SDKROOT = macosx;
			};
			name = Release;
		};
		69024F221CAC7DD20032DF38 /* Debug */ = {
			isa = XCBuildConfiguration;
			buildSettings = {
				PRODUCT_NAME = "$(TARGET_NAME)";
			};
			name = Debug;
		};
		69024F231CAC7DD20032DF38 /* Release */ = {
			isa = XCBuildConfiguration;
			buildSettings = {
				PRODUCT_NAME = "$(TARGET_NAME)";
			};
			name = Release;
		};
/* End XCBuildConfiguration section */

/* Begin XCConfigurationList section */
		69024F151CAC7DD20032DF38 /* Build configuration list for PBXProject "NXPen" */ = {
			isa = XCConfigurationList;
			buildConfigurations = (
				69024F1F1CAC7DD20032DF38 /* Debug */,
				69024F201CAC7DD20032DF38 /* Release */,
			);
			defaultConfigurationIsVisible = 0;
			defaultConfigurationName = Release;
		};
		69024F211CAC7DD20032DF38 /* Build configuration list for PBXNativeTarget "NXPen" */ = {
			isa = XCConfigurationList;
			buildConfigurations = (
				69024F221CAC7DD20032DF38 /* Debug */,
				69024F231CAC7DD20032DF38 /* Release */,
			);
			defaultConfigurationIsVisible = 0;
		};
/* End XCConfigurationList section */
	};
	rootObject = 69024F121CAC7DD20032DF38 /* Project object */;
}
