// !$*UTF8*$!
{
	archiveVersion = 1;
	classes = {
	};
	objectVersion = 46;
	objects = {

/* Begin PBXBuildFile section */
		69024F621CAF3BCA0032DF38 /* main.m in Sources */ = {isa = PBXBuildFile; fileRef = 69024F611CAF3BCA0032DF38 /* main.m */; };
		69024F651CAF3BCA0032DF38 /* AppDelegate.m in Sources */ = {isa = PBXBuildFile; fileRef = 69024F641CAF3BCA0032DF38 /* AppDelegate.m */; };
		69024F681CAF3BCA0032DF38 /* FirstViewController.m in Sources */ = {isa = PBXBuildFile; fileRef = 69024F671CAF3BCA0032DF38 /* FirstViewController.m */; };
		69024F6B1CAF3BCA0032DF38 /* SecondViewController.m in Sources */ = {isa = PBXBuildFile; fileRef = 69024F6A1CAF3BCA0032DF38 /* SecondViewController.m */; };
		69024F6E1CAF3BCA0032DF38 /* Main.storyboard in Resources */ = {isa = PBXBuildFile; fileRef = 69024F6C1CAF3BCA0032DF38 /* Main.storyboard */; };
		69024F701CAF3BCA0032DF38 /* Images.xcassets in Resources */ = {isa = PBXBuildFile; fileRef = 69024F6F1CAF3BCA0032DF38 /* Images.xcassets */; };
		69024F731CAF3BCA0032DF38 /* LaunchScreen.xib in Resources */ = {isa = PBXBuildFile; fileRef = 69024F711CAF3BCA0032DF38 /* LaunchScreen.xib */; };
		69024F7F1CAF3BCA0032DF38 /* FirstTabTests.m in Sources */ = {isa = PBXBuildFile; fileRef = 69024F7E1CAF3BCA0032DF38 /* FirstTabTests.m */; };
		69024F8A1CAF3F760032DF38 /* DetailViewController.m in Sources */ = {isa = PBXBuildFile; fileRef = 69024F891CAF3F760032DF38 /* DetailViewController.m */; };
		69024F8D1CAF418B0032DF38 /* Detail2ViewController.m in Sources */ = {isa = PBXBuildFile; fileRef = 69024F8C1CAF418B0032DF38 /* Detail2ViewController.m */; };
		69024FF81CB18B760032DF38 /* persons.txt in Resources */ = {isa = PBXBuildFile; fileRef = 69024FF71CB18B760032DF38 /* persons.txt */; };
		69024FFB1CB18C670032DF38 /* NXPersonModel.m in Sources */ = {isa = PBXBuildFile; fileRef = 69024FFA1CB18C670032DF38 /* NXPersonModel.m */; };
/* End PBXBuildFile section */

/* Begin PBXContainerItemProxy section */
		69024F791CAF3BCA0032DF38 /* PBXContainerItemProxy */ = {
			isa = PBXContainerItemProxy;
			containerPortal = 69024F541CAF3BCA0032DF38 /* Project object */;
			proxyType = 1;
			remoteGlobalIDString = 69024F5B1CAF3BCA0032DF38;
			remoteInfo = FirstTab;
		};
/* End PBXContainerItemProxy section */

/* Begin PBXFileReference section */
		69024F5C1CAF3BCA0032DF38 /* FirstTab.app */ = {isa = PBXFileReference; explicitFileType = wrapper.application; includeInIndex = 0; path = FirstTab.app; sourceTree = BUILT_PRODUCTS_DIR; };
		69024F601CAF3BCA0032DF38 /* Info.plist */ = {isa = PBXFileReference; lastKnownFileType = text.plist.xml; path = Info.plist; sourceTree = "<group>"; };
		69024F611CAF3BCA0032DF38 /* main.m */ = {isa = PBXFileReference; lastKnownFileType = sourcecode.c.objc; path = main.m; sourceTree = "<group>"; };
		69024F631CAF3BCA0032DF38 /* AppDelegate.h */ = {isa = PBXFileReference; lastKnownFileType = sourcecode.c.h; path = AppDelegate.h; sourceTree = "<group>"; };
		69024F641CAF3BCA0032DF38 /* AppDelegate.m */ = {isa = PBXFileReference; lastKnownFileType = sourcecode.c.objc; path = AppDelegate.m; sourceTree = "<group>"; };
		69024F661CAF3BCA0032DF38 /* FirstViewController.h */ = {isa = PBXFileReference; lastKnownFileType = sourcecode.c.h; path = FirstViewController.h; sourceTree = "<group>"; };
		69024F671CAF3BCA0032DF38 /* FirstViewController.m */ = {isa = PBXFileReference; lastKnownFileType = sourcecode.c.objc; path = FirstViewController.m; sourceTree = "<group>"; };
		69024F691CAF3BCA0032DF38 /* SecondViewController.h */ = {isa = PBXFileReference; lastKnownFileType = sourcecode.c.h; path = SecondViewController.h; sourceTree = "<group>"; };
		69024F6A1CAF3BCA0032DF38 /* SecondViewController.m */ = {isa = PBXFileReference; lastKnownFileType = sourcecode.c.objc; path = SecondViewController.m; sourceTree = "<group>"; };
		69024F6D1CAF3BCA0032DF38 /* Base */ = {isa = PBXFileReference; lastKnownFileType = file.storyboard; name = Base; path = Base.lproj/Main.storyboard; sourceTree = "<group>"; };
		69024F6F1CAF3BCA0032DF38 /* Images.xcassets */ = {isa = PBXFileReference; lastKnownFileType = folder.assetcatalog; path = Images.xcassets; sourceTree = "<group>"; };
		69024F721CAF3BCA0032DF38 /* Base */ = {isa = PBXFileReference; lastKnownFileType = file.xib; name = Base; path = Base.lproj/LaunchScreen.xib; sourceTree = "<group>"; };
		69024F781CAF3BCA0032DF38 /* FirstTabTests.xctest */ = {isa = PBXFileReference; explicitFileType = wrapper.cfbundle; includeInIndex = 0; path = FirstTabTests.xctest; sourceTree = BUILT_PRODUCTS_DIR; };
		69024F7D1CAF3BCA0032DF38 /* Info.plist */ = {isa = PBXFileReference; lastKnownFileType = text.plist.xml; path = Info.plist; sourceTree = "<group>"; };
		69024F7E1CAF3BCA0032DF38 /* FirstTabTests.m */ = {isa = PBXFileReference; lastKnownFileType = sourcecode.c.objc; path = FirstTabTests.m; sourceTree = "<group>"; };
		69024F881CAF3F760032DF38 /* DetailViewController.h */ = {isa = PBXFileReference; fileEncoding = 4; lastKnownFileType = sourcecode.c.h; name = DetailViewController.h; path = FirstTab.xcodeproj/../DetailViewController.h; sourceTree = SOURCE_ROOT; };
		69024F891CAF3F760032DF38 /* DetailViewController.m */ = {isa = PBXFileReference; fileEncoding = 4; lastKnownFileType = sourcecode.c.objc; name = DetailViewController.m; path = FirstTab.xcodeproj/../DetailViewController.m; sourceTree = SOURCE_ROOT; };
		69024F8B1CAF418B0032DF38 /* Detail2ViewController.h */ = {isa = PBXFileReference; fileEncoding = 4; lastKnownFileType = sourcecode.c.h; path = Detail2ViewController.h; sourceTree = "<group>"; };
		69024F8C1CAF418B0032DF38 /* Detail2ViewController.m */ = {isa = PBXFileReference; fileEncoding = 4; lastKnownFileType = sourcecode.c.objc; path = Detail2ViewController.m; sourceTree = "<group>"; };
		69024FF71CB18B760032DF38 /* persons.txt */ = {isa = PBXFileReference; fileEncoding = 4; lastKnownFileType = text; path = persons.txt; sourceTree = "<group>"; };
		69024FF91CB18C670032DF38 /* NXPersonModel.h */ = {isa = PBXFileReference; fileEncoding = 4; lastKnownFileType = sourcecode.c.h; path = NXPersonModel.h; sourceTree = "<group>"; };
		69024FFA1CB18C670032DF38 /* NXPersonModel.m */ = {isa = PBXFileReference; fileEncoding = 4; lastKnownFileType = sourcecode.c.objc; path = NXPersonModel.m; sourceTree = "<group>"; };
/* End PBXFileReference section */

/* Begin PBXFrameworksBuildPhase section */
		69024F591CAF3BCA0032DF38 /* Frameworks */ = {
			isa = PBXFrameworksBuildPhase;
			buildActionMask = 2147483647;
			files = (
			);
			runOnlyForDeploymentPostprocessing = 0;
		};
		69024F751CAF3BCA0032DF38 /* Frameworks */ = {
			isa = PBXFrameworksBuildPhase;
			buildActionMask = 2147483647;
			files = (
			);
			runOnlyForDeploymentPostprocessing = 0;
		};
/* End PBXFrameworksBuildPhase section */

/* Begin PBXGroup section */
		69024F531CAF3BCA0032DF38 = {
			isa = PBXGroup;
			children = (
				69024F5E1CAF3BCA0032DF38 /* FirstTab */,
				69024F7B1CAF3BCA0032DF38 /* FirstTabTests */,
				69024F5D1CAF3BCA0032DF38 /* Products */,
			);
			sourceTree = "<group>";
		};
		69024F5D1CAF3BCA0032DF38 /* Products */ = {
			isa = PBXGroup;
			children = (
				69024F5C1CAF3BCA0032DF38 /* FirstTab.app */,
				69024F781CAF3BCA0032DF38 /* FirstTabTests.xctest */,
			);
			name = Products;
			sourceTree = "<group>";
		};
		69024F5E1CAF3BCA0032DF38 /* FirstTab */ = {
			isa = PBXGroup;
			children = (
				69024F8B1CAF418B0032DF38 /* Detail2ViewController.h */,
				69024F8C1CAF418B0032DF38 /* Detail2ViewController.m */,
				69024F881CAF3F760032DF38 /* DetailViewController.h */,
				69024F891CAF3F760032DF38 /* DetailViewController.m */,
				69024F631CAF3BCA0032DF38 /* AppDelegate.h */,
				69024F641CAF3BCA0032DF38 /* AppDelegate.m */,
				69024F661CAF3BCA0032DF38 /* FirstViewController.h */,
				69024F671CAF3BCA0032DF38 /* FirstViewController.m */,
				69024F691CAF3BCA0032DF38 /* SecondViewController.h */,
				69024F6A1CAF3BCA0032DF38 /* SecondViewController.m */,
				69024F6C1CAF3BCA0032DF38 /* Main.storyboard */,
				69024FF71CB18B760032DF38 /* persons.txt */,
				69024FF91CB18C670032DF38 /* NXPersonModel.h */,
				69024FFA1CB18C670032DF38 /* NXPersonModel.m */,
				69024F6F1CAF3BCA0032DF38 /* Images.xcassets */,
				69024F711CAF3BCA0032DF38 /* LaunchScreen.xib */,
				69024F5F1CAF3BCA0032DF38 /* Supporting Files */,
			);
			path = FirstTab;
			sourceTree = "<group>";
		};
		69024F5F1CAF3BCA0032DF38 /* Supporting Files */ = {
			isa = PBXGroup;
			children = (
				69024F601CAF3BCA0032DF38 /* Info.plist */,
				69024F611CAF3BCA0032DF38 /* main.m */,
			);
			name = "Supporting Files";
			sourceTree = "<group>";
		};
		69024F7B1CAF3BCA0032DF38 /* FirstTabTests */ = {
			isa = PBXGroup;
			children = (
				69024F7E1CAF3BCA0032DF38 /* FirstTabTests.m */,
				69024F7C1CAF3BCA0032DF38 /* Supporting Files */,
			);
			path = FirstTabTests;
			sourceTree = "<group>";
		};
		69024F7C1CAF3BCA0032DF38 /* Supporting Files */ = {
			isa = PBXGroup;
			children = (
				69024F7D1CAF3BCA0032DF38 /* Info.plist */,
			);
			name = "Supporting Files";
			sourceTree = "<group>";
		};
/* End PBXGroup section */

/* Begin PBXNativeTarget section */
		69024F5B1CAF3BCA0032DF38 /* FirstTab */ = {
			isa = PBXNativeTarget;
			buildConfigurationList = 69024F821CAF3BCA0032DF38 /* Build configuration list for PBXNativeTarget "FirstTab" */;
			buildPhases = (
				69024F581CAF3BCA0032DF38 /* Sources */,
				69024F591CAF3BCA0032DF38 /* Frameworks */,
				69024F5A1CAF3BCA0032DF38 /* Resources */,
			);
			buildRules = (
			);
			dependencies = (
			);
			name = FirstTab;
			productName = FirstTab;
			productReference = 69024F5C1CAF3BCA0032DF38 /* FirstTab.app */;
			productType = "com.apple.product-type.application";
		};
		69024F771CAF3BCA0032DF38 /* FirstTabTests */ = {
			isa = PBXNativeTarget;
			buildConfigurationList = 69024F851CAF3BCA0032DF38 /* Build configuration list for PBXNativeTarget "FirstTabTests" */;
			buildPhases = (
				69024F741CAF3BCA0032DF38 /* Sources */,
				69024F751CAF3BCA0032DF38 /* Frameworks */,
				69024F761CAF3BCA0032DF38 /* Resources */,
			);
			buildRules = (
			);
			dependencies = (
				69024F7A1CAF3BCA0032DF38 /* PBXTargetDependency */,
			);
			name = FirstTabTests;
			productName = FirstTabTests;
			productReference = 69024F781CAF3BCA0032DF38 /* FirstTabTests.xctest */;
			productType = "com.apple.product-type.bundle.unit-test";
		};
/* End PBXNativeTarget section */

/* Begin PBXProject section */
		69024F541CAF3BCA0032DF38 /* Project object */ = {
			isa = PBXProject;
			attributes = {
				LastUpgradeCheck = 0640;
				ORGANIZATIONNAME = GraceLilac;
				TargetAttributes = {
					69024F5B1CAF3BCA0032DF38 = {
						CreatedOnToolsVersion = 6.4;
					};
					69024F771CAF3BCA0032DF38 = {
						CreatedOnToolsVersion = 6.4;
						TestTargetID = 69024F5B1CAF3BCA0032DF38;
					};
				};
			};
			buildConfigurationList = 69024F571CAF3BCA0032DF38 /* Build configuration list for PBXProject "FirstTab" */;
			compatibilityVersion = "Xcode 3.2";
			developmentRegion = English;
			hasScannedForEncodings = 0;
			knownRegions = (
				en,
				Base,
			);
			mainGroup = 69024F531CAF3BCA0032DF38;
			productRefGroup = 69024F5D1CAF3BCA0032DF38 /* Products */;
			projectDirPath = "";
			projectRoot = "";
			targets = (
				69024F5B1CAF3BCA0032DF38 /* FirstTab */,
				69024F771CAF3BCA0032DF38 /* FirstTabTests */,
			);
		};
/* End PBXProject section */

/* Begin PBXResourcesBuildPhase section */
		69024F5A1CAF3BCA0032DF38 /* Resources */ = {
			isa = PBXResourcesBuildPhase;
			buildActionMask = 2147483647;
			files = (
				69024F6E1CAF3BCA0032DF38 /* Main.storyboard in Resources */,
				69024F731CAF3BCA0032DF38 /* LaunchScreen.xib in Resources */,
				69024F701CAF3BCA0032DF38 /* Images.xcassets in Resources */,
				69024FF81CB18B760032DF38 /* persons.txt in Resources */,
			);
			runOnlyForDeploymentPostprocessing = 0;
		};
		69024F761CAF3BCA0032DF38 /* Resources */ = {
			isa = PBXResourcesBuildPhase;
			buildActionMask = 2147483647;
			files = (
			);
			runOnlyForDeploymentPostprocessing = 0;
		};
/* End PBXResourcesBuildPhase section */

/* Begin PBXSourcesBuildPhase section */
		69024F581CAF3BCA0032DF38 /* Sources */ = {
			isa = PBXSourcesBuildPhase;
			buildActionMask = 2147483647;
			files = (
				69024F8A1CAF3F760032DF38 /* DetailViewController.m in Sources */,
				69024F6B1CAF3BCA0032DF38 /* SecondViewController.m in Sources */,
				69024F8D1CAF418B0032DF38 /* Detail2ViewController.m in Sources */,
				69024FFB1CB18C670032DF38 /* NXPersonModel.m in Sources */,
				69024F651CAF3BCA0032DF38 /* AppDelegate.m in Sources */,
				69024F681CAF3BCA0032DF38 /* FirstViewController.m in Sources */,
				69024F621CAF3BCA0032DF38 /* main.m in Sources */,
			);
			runOnlyForDeploymentPostprocessing = 0;
		};
		69024F741CAF3BCA0032DF38 /* Sources */ = {
			isa = PBXSourcesBuildPhase;
			buildActionMask = 2147483647;
			files = (
				69024F7F1CAF3BCA0032DF38 /* FirstTabTests.m in Sources */,
			);
			runOnlyForDeploymentPostprocessing = 0;
		};
/* End PBXSourcesBuildPhase section */

/* Begin PBXTargetDependency section */
		69024F7A1CAF3BCA0032DF38 /* PBXTargetDependency */ = {
			isa = PBXTargetDependency;
			target = 69024F5B1CAF3BCA0032DF38 /* FirstTab */;
			targetProxy = 69024F791CAF3BCA0032DF38 /* PBXContainerItemProxy */;
		};
/* End PBXTargetDependency section */

/* Begin PBXVariantGroup section */
		69024F6C1CAF3BCA0032DF38 /* Main.storyboard */ = {
			isa = PBXVariantGroup;
			children = (
				69024F6D1CAF3BCA0032DF38 /* Base */,
			);
			name = Main.storyboard;
			sourceTree = "<group>";
		};
		69024F711CAF3BCA0032DF38 /* LaunchScreen.xib */ = {
			isa = PBXVariantGroup;
			children = (
				69024F721CAF3BCA0032DF38 /* Base */,
			);
			name = LaunchScreen.xib;
			sourceTree = "<group>";
		};
/* End PBXVariantGroup section */

/* Begin XCBuildConfiguration section */
		69024F801CAF3BCA0032DF38 /* Debug */ = {
			isa = XCBuildConfiguration;
			buildSettings = {
				ALWAYS_SEARCH_USER_PATHS = NO;
				CLANG_CXX_LANGUAGE_STANDARD = "gnu++0x";
				CLANG_CXX_LIBRARY = "libc++";
				CLANG_ENABLE_MODULES = YES;
				CLANG_ENABLE_OBJC_ARC = YES;
				CLANG_WARN_BOOL_CONVERSION = YES;
				CLANG_WARN_CONSTANT_CONVERSION = YES;
				CLANG_WARN_DIRECT_OBJC_ISA_USAGE = YES_ERROR;
				CLANG_WARN_EMPTY_BODY = YES;
				CLANG_WARN_ENUM_CONVERSION = YES;
				CLANG_WARN_INT_CONVERSION = YES;
				CLANG_WARN_OBJC_ROOT_CLASS = YES_ERROR;
				CLANG_WARN_UNREACHABLE_CODE = YES;
				CLANG_WARN__DUPLICATE_METHOD_MATCH = YES;
				"CODE_SIGN_IDENTITY[sdk=iphoneos*]" = "iPhone Developer";
				COPY_PHASE_STRIP = NO;
				DEBUG_INFORMATION_FORMAT = "dwarf-with-dsym";
				ENABLE_STRICT_OBJC_MSGSEND = YES;
				GCC_C_LANGUAGE_STANDARD = gnu99;
				GCC_DYNAMIC_NO_PIC = NO;
				GCC_NO_COMMON_BLOCKS = YES;
				GCC_OPTIMIZATION_LEVEL = 0;
				GCC_PREPROCESSOR_DEFINITIONS = (
					"DEBUG=1",
					"$(inherited)",
				);
				GCC_SYMBOLS_PRIVATE_EXTERN = NO;
				GCC_WARN_64_TO_32_BIT_CONVERSION = YES;
				GCC_WARN_ABOUT_RETURN_TYPE = YES_ERROR;
				GCC_WARN_UNDECLARED_SELECTOR = YES;
				GCC_WARN_UNINITIALIZED_AUTOS = YES_AGGRESSIVE;
				GCC_WARN_UNUSED_FUNCTION = YES;
				GCC_WARN_UNUSED_VARIABLE = YES;
				IPHONEOS_DEPLOYMENT_TARGET = 8.4;
				MTL_ENABLE_DEBUG_INFO = YES;
				ONLY_ACTIVE_ARCH = YES;
				SDKROOT = iphoneos;
			};
			name = Debug;
		};
		69024F811CAF3BCA0032DF38 /* Release */ = {
			isa = XCBuildConfiguration;
			buildSettings = {
				ALWAYS_SEARCH_USER_PATHS = NO;
				CLANG_CXX_LANGUAGE_STANDARD = "gnu++0x";
				CLANG_CXX_LIBRARY = "libc++";
				CLANG_ENABLE_MODULES = YES;
				CLANG_ENABLE_OBJC_ARC = YES;
				CLANG_WARN_BOOL_CONVERSION = YES;
				CLANG_WARN_CONSTANT_CONVERSION = YES;
				CLANG_WARN_DIRECT_OBJC_ISA_USAGE = YES_ERROR;
				CLANG_WARN_EMPTY_BODY = YES;
				CLANG_WARN_ENUM_CONVERSION = YES;
				CLANG_WARN_INT_CONVERSION = YES;
				CLANG_WARN_OBJC_ROOT_CLASS = YES_ERROR;
				CLANG_WARN_UNREACHABLE_CODE = YES;
				CLANG_WARN__DUPLICATE_METHOD_MATCH = YES;
				"CODE_SIGN_IDENTITY[sdk=iphoneos*]" = "iPhone Developer";
				COPY_PHASE_STRIP = NO;
				DEBUG_INFORMATION_FORMAT = "dwarf-with-dsym";
				ENABLE_NS_ASSERTIONS = NO;
				ENABLE_STRICT_OBJC_MSGSEND = YES;
				GCC_C_LANGUAGE_STANDARD = gnu99;
				GCC_NO_COMMON_BLOCKS = YES;
				GCC_WARN_64_TO_32_BIT_CONVERSION = YES;
				GCC_WARN_ABOUT_RETURN_TYPE = YES_ERROR;
				GCC_WARN_UNDECLARED_SELECTOR = YES;
				GCC_WARN_UNINITIALIZED_AUTOS = YES_AGGRESSIVE;
				GCC_WARN_UNUSED_FUNCTION = YES;
				GCC_WARN_UNUSED_VARIABLE = YES;
				IPHONEOS_DEPLOYMENT_TARGET = 8.4;
				MTL_ENABLE_DEBUG_INFO = NO;
				SDKROOT = iphoneos;
				VALIDATE_PRODUCT = YES;
			};
			name = Release;
		};
		69024F831CAF3BCA0032DF38 /* Debug */ = {
			isa = XCBuildConfiguration;
			buildSettings = {
				ASSETCATALOG_COMPILER_APPICON_NAME = AppIcon;
				INFOPLIST_FILE = FirstTab/Info.plist;
				LD_RUNPATH_SEARCH_PATHS = "$(inherited) @executable_path/Frameworks";
				PRODUCT_NAME = "$(TARGET_NAME)";
			};
			name = Debug;
		};
		69024F841CAF3BCA0032DF38 /* Release */ = {
			isa = XCBuildConfiguration;
			buildSettings = {
				ASSETCATALOG_COMPILER_APPICON_NAME = AppIcon;
				INFOPLIST_FILE = FirstTab/Info.plist;
				LD_RUNPATH_SEARCH_PATHS = "$(inherited) @executable_path/Frameworks";
				PRODUCT_NAME = "$(TARGET_NAME)";
			};
			name = Release;
		};
		69024F861CAF3BCA0032DF38 /* Debug */ = {
			isa = XCBuildConfiguration;
			buildSettings = {
				BUNDLE_LOADER = "$(TEST_HOST)";
				FRAMEWORK_SEARCH_PATHS = (
					"$(SDKROOT)/Developer/Library/Frameworks",
					"$(inherited)",
				);
				GCC_PREPROCESSOR_DEFINITIONS = (
					"DEBUG=1",
					"$(inherited)",
				);
				INFOPLIST_FILE = FirstTabTests/Info.plist;
				LD_RUNPATH_SEARCH_PATHS = "$(inherited) @executable_path/Frameworks @loader_path/Frameworks";
				PRODUCT_NAME = "$(TARGET_NAME)";
				TEST_HOST = "$(BUILT_PRODUCTS_DIR)/FirstTab.app/FirstTab";
			};
			name = Debug;
		};
		69024F871CAF3BCA0032DF38 /* Release */ = {
			isa = XCBuildConfiguration;
			buildSettings = {
				BUNDLE_LOADER = "$(TEST_HOST)";
				FRAMEWORK_SEARCH_PATHS = (
					"$(SDKROOT)/Developer/Library/Frameworks",
					"$(inherited)",
				);
				INFOPLIST_FILE = FirstTabTests/Info.plist;
				LD_RUNPATH_SEARCH_PATHS = "$(inherited) @executable_path/Frameworks @loader_path/Frameworks";
				PRODUCT_NAME = "$(TARGET_NAME)";
				TEST_HOST = "$(BUILT_PRODUCTS_DIR)/FirstTab.app/FirstTab";
			};
			name = Release;
		};
/* End XCBuildConfiguration section */

/* Begin XCConfigurationList section */
		69024F571CAF3BCA0032DF38 /* Build configuration list for PBXProject "FirstTab" */ = {
			isa = XCConfigurationList;
			buildConfigurations = (
				69024F801CAF3BCA0032DF38 /* Debug */,
				69024F811CAF3BCA0032DF38 /* Release */,
			);
			defaultConfigurationIsVisible = 0;
			defaultConfigurationName = Release;
		};
		69024F821CAF3BCA0032DF38 /* Build configuration list for PBXNativeTarget "FirstTab" */ = {
			isa = XCConfigurationList;
			buildConfigurations = (
				69024F831CAF3BCA0032DF38 /* Debug */,
				69024F841CAF3BCA0032DF38 /* Release */,
			);
			defaultConfigurationIsVisible = 0;
		};
		69024F851CAF3BCA0032DF38 /* Build configuration list for PBXNativeTarget "FirstTabTests" */ = {
			isa = XCConfigurationList;
			buildConfigurations = (
				69024F861CAF3BCA0032DF38 /* Debug */,
				69024F871CAF3BCA0032DF38 /* Release */,
			);
			defaultConfigurationIsVisible = 0;
		};
/* End XCConfigurationList section */
	};
	rootObject = 69024F541CAF3BCA0032DF38 /* Project object */;
}
